# This file is autogenerated, do not edit; changes may be undone by the next 'dep ensure'.


[[projects]]
  name = "github.com/DataDog/zstd"
  packages = ["."]
  revision = "aebefd9fcb99f22cd691ef778a12ed68f0e6a1ab"
  version = "v1.3.4"

[[projects]]
  name = "github.com/aws/aws-sdk-go"
  packages = [
    "aws",
    "aws/awserr",
    "aws/awsutil",
    "aws/client",
    "aws/client/metadata",
    "aws/corehandlers",
    "aws/credentials",
    "aws/credentials/ec2rolecreds",
    "aws/credentials/endpointcreds",
    "aws/credentials/stscreds",
    "aws/defaults",
    "aws/ec2metadata",
    "aws/endpoints",
    "aws/request",
    "aws/session",
    "aws/signer/v4",
    "internal/shareddefaults",
    "private/protocol",
    "private/protocol/query",
    "private/protocol/query/queryutil",
    "private/protocol/rest",
    "private/protocol/restxml",
    "private/protocol/xml/xmlutil",
    "service/s3",
    "service/s3/s3iface",
    "service/s3/s3manager",
    "service/s3/s3manager/s3manageriface",
    "service/sts"
  ]
  revision = "2063d937ea693f6f5c8b213906785ff9e36ba0b6"

[[projects]]
  name = "github.com/cyberdelia/lzo"
  packages = ["."]
  revision = "feb520148d8940294afb1e242dc1d2a7c9c34432"
  version = "1.0"

[[projects]]
  name = "github.com/go-ini/ini"
  packages = ["."]
  revision = "06f5f3d67269ccec1fe5fe4134ba6e982984f7f5"
  version = "v1.37.0"

[[projects]]
  name = "github.com/jackc/pgx"
  packages = [
    ".",
    "chunkreader",
    "internal/sanitize",
    "pgio",
    "pgproto3",
    "pgtype"
  ]
  revision = "83f4d76e68d82f792c340a6f618bb41adbfe05f0"

[[projects]]
  name = "github.com/jmespath/go-jmespath"
  packages = ["."]
  revision = "3433f3ea46d9f8019119e7dd41274e112a2359a9"
  version = "0.2.2"

[[projects]]
  name = "github.com/pierrec/lz4"
  packages = ["."]
  revision = "5a3d2245f97fc249850e7802e3c01fad02a1c316"

[[projects]]
  branch = "master"
  name = "github.com/pierrec/xxHash"
  packages = ["xxHash32"]
  revision = "a0006b13c722f7f12368c00a3d3c2ae8a999a0c6"

[[projects]]
  name = "github.com/pkg/errors"
  packages = ["."]
  revision = "c605e284fe17294bda444b34710735b29d1a9d90"

[[projects]]
  name = "github.com/ulikunitz/xz"
  packages = [
    "internal/hash",
    "internal/xlog",
    "lzma"
  ]
  revision = "0c6b41e72360850ca4f98dc341fd999726ea007f"
  version = "v0.5.4"

[[projects]]
  name = "golang.org/x/crypto"
  packages = [
    "cast5",
    "openpgp",
    "openpgp/armor",
    "openpgp/elgamal",
    "openpgp/errors",
    "openpgp/packet",
    "openpgp/s2k"
  ]
  revision = "418008d6189cfc4ba88f220353d087d3ddfd7a31"
  source = "https://github.com/golang/crypto"

[solve-meta]
  analyzer-name = "dep"
  analyzer-version = 1
  inputs-digest = "6527682c0e55d3c67828fb5fabb577afabd57ecb4ff9a29b700677df843e1664"
  solver-name = "gps-cdcl"
  solver-version = 1
